
Microsoft Visual Studio Solution File, Format Version 12.00
# Visual Studio Version 17
VisualStudioVersion = 17.4.33213.308
MinimumVisualStudioVersion = 10.0.40219.1
Project("{FAE04EC0-301F-11D3-BF4B-00C04F79EFBC}") = "ddd-cleanarch-api", "ddd-cleanarch-api\ddd-cleanarch-api.csproj", "{4CB2FA87-4F59-47C3-92E4-EA121B79FD9A}"
EndProject
Project("{FAE04EC0-301F-11D3-BF4B-00C04F79EFBC}") = "Domain", "Domain\Domain.csproj", "{A878B96A-2A14-4909-911E-86C5B10A066F}"
EndProject
Project("{FAE04EC0-301F-11D3-BF4B-00C04F79EFBC}") = "Application", "Application\Application.csproj", "{F738AA91-EA1D-47DA-81C6-FECB64721B65}"
EndProject
Project("{FAE04EC0-301F-11D3-BF4B-00C04F79EFBC}") = "Infrastructure", "Infrastructure\Infrastructure.csproj", "{BC7289AF-8862-42F0-AB9A-B0716223F860}"
EndProject
Global
	GlobalSection(SolutionConfigurationPlatforms) = preSolution
		Debug|Any CPU = Debug|Any CPU
		Release|Any CPU = Release|Any CPU
	EndGlobalSection
	GlobalSection(ProjectConfigurationPlatforms) = postSolution
		{4CB2FA87-4F59-47C3-92E4-EA121B79FD9A}.Debug|Any CPU.ActiveCfg = Debug|Any CPU
		{4CB2FA87-4F59-47C3-92E4-EA121B79FD9A}.Debug|Any CPU.Build.0 = Debug|Any CPU
		{4CB2FA87-4F59-47C3-92E4-EA121B79FD9A}.Release|Any CPU.ActiveCfg = Release|Any CPU
		{4CB2FA87-4F59-47C3-92E4-EA121B79FD9A}.Release|Any CPU.Build.0 = Release|Any CPU
		{A878B96A-2A14-4909-911E-86C5B10A066F}.Debug|Any CPU.ActiveCfg = Debug|Any CPU
		{A878B96A-2A14-4909-911E-86C5B10A066F}.Debug|Any CPU.Build.0 = Debug|Any CPU
		{A878B96A-2A14-4909-911E-86C5B10A066F}.Release|Any CPU.ActiveCfg = Release|Any CPU
		{A878B96A-2A14-4909-911E-86C5B10A066F}.Release|Any CPU.Build.0 = Release|Any CPU
		{F738AA91-EA1D-47DA-81C6-FECB64721B65}.Debug|Any CPU.ActiveCfg = Debug|Any CPU
		{F738AA91-EA1D-47DA-81C6-FECB64721B65}.Debug|Any CPU.Build.0 = Debug|Any CPU
		{F738AA91-EA1D-47DA-81C6-FECB64721B65}.Release|Any CPU.ActiveCfg = Release|Any CPU
		{F738AA91-EA1D-47DA-81C6-FECB64721B65}.Release|Any CPU.Build.0 = Release|Any CPU
		{BC7289AF-8862-42F0-AB9A-B0716223F860}.Debug|Any CPU.ActiveCfg = Debug|Any CPU
		{BC7289AF-8862-42F0-AB9A-B0716223F860}.Debug|Any CPU.Build.0 = Debug|Any CPU
		{BC7289AF-8862-42F0-AB9A-B0716223F860}.Release|Any CPU.ActiveCfg = Release|Any CPU
		{BC7289AF-8862-42F0-AB9A-B0716223F860}.Release|Any CPU.Build.0 = Release|Any CPU
	EndGlobalSection
	GlobalSection(SolutionProperties) = preSolution
		HideSolutionNode = FALSE
	EndGlobalSection
	GlobalSection(ExtensibilityGlobals) = postSolution
		SolutionGuid = {C300EC28-29EF-489D-AF74-EC27445EC5F5}
	EndGlobalSection
EndGlobal
